
Microsoft Visual Studio Solution File, Format Version 12.00
# Visual Studio Version 17
VisualStudioVersion = 17.4.33213.308
MinimumVisualStudioVersion = 10.0.40219.1
Project("{2150E333-8FDC-42A3-9474-1A3956D46DE8}") = "API", "API", "{1232AE7E-1AEE-43E3-B24F-1A65938B7B90}"
EndProject
Project("{2150E333-8FDC-42A3-9474-1A3956D46DE8}") = "Core", "Core", "{0D69F312-D79F-477A-8E94-E32BDFEA6A47}"
EndProject
Project("{2150E333-8FDC-42A3-9474-1A3956D46DE8}") = "Infrastructure", "Infrastructure", "{4B96A4A4-333D-4C1C-AA6F-D9264F65F9FB}"
EndProject
Project("{2150E333-8FDC-42A3-9474-1A3956D46DE8}") = "UI", "UI", "{DF48BAE6-AA5C-42C4-8C5C-316EC3E77D0F}"
EndProject
Project("{9A19103F-16F7-4668-BE54-9A1E7A4F7556}") = "PokemonCardCollection.Application", "PokemonCardCollection.Application\PokemonCardCollection.Application.csproj", "{1CDB947D-9462-4585-BFA3-67EA897125A7}"
EndProject
Project("{9A19103F-16F7-4668-BE54-9A1E7A4F7556}") = "PokemonCardCollection.Domain", "PokemonCardCollection.Domain\PokemonCardCollection.Domain.csproj", "{E5E196C2-4722-4787-91B9-491476CC5816}"
EndProject
Project("{9A19103F-16F7-4668-BE54-9A1E7A4F7556}") = "PokemonCardCollection.Persistence", "PokemonCardCollection.Persistence\PokemonCardCollection.Persistence.csproj", "{8FAA6BC6-E476-455D-A48E-6AA7AF51A8EC}"
EndProject
Project("{9A19103F-16F7-4668-BE54-9A1E7A4F7556}") = "PokemonCardCollection.Infrastructure", "PokemonCardCollection.Infrastructure\PokemonCardCollection.Infrastructure.csproj", "{BA176A17-2377-4230-BF1A-85E32EB2FC44}"
EndProject
Project("{FAE04EC0-301F-11D3-BF4B-00C04F79EFBC}") = "PokemonCardCollection.Api", "PokemonCardCollection.Api\PokemonCardCollection.Api.csproj", "{1187DFE7-6CF2-40C3-95FD-0ACBFB30A4E2}"
EndProject
Global
	GlobalSection(SolutionConfigurationPlatforms) = preSolution
		Debug|Any CPU = Debug|Any CPU
		Release|Any CPU = Release|Any CPU
	EndGlobalSection
	GlobalSection(ProjectConfigurationPlatforms) = postSolution
		{1CDB947D-9462-4585-BFA3-67EA897125A7}.Debug|Any CPU.ActiveCfg = Debug|Any CPU
		{1CDB947D-9462-4585-BFA3-67EA897125A7}.Debug|Any CPU.Build.0 = Debug|Any CPU
		{1CDB947D-9462-4585-BFA3-67EA897125A7}.Release|Any CPU.ActiveCfg = Release|Any CPU
		{1CDB947D-9462-4585-BFA3-67EA897125A7}.Release|Any CPU.Build.0 = Release|Any CPU
		{E5E196C2-4722-4787-91B9-491476CC5816}.Debug|Any CPU.ActiveCfg = Debug|Any CPU
		{E5E196C2-4722-4787-91B9-491476CC5816}.Debug|Any CPU.Build.0 = Debug|Any CPU
		{E5E196C2-4722-4787-91B9-491476CC5816}.Release|Any CPU.ActiveCfg = Release|Any CPU
		{E5E196C2-4722-4787-91B9-491476CC5816}.Release|Any CPU.Build.0 = Release|Any CPU
		{8FAA6BC6-E476-455D-A48E-6AA7AF51A8EC}.Debug|Any CPU.ActiveCfg = Debug|Any CPU
		{8FAA6BC6-E476-455D-A48E-6AA7AF51A8EC}.Debug|Any CPU.Build.0 = Debug|Any CPU
		{8FAA6BC6-E476-455D-A48E-6AA7AF51A8EC}.Release|Any CPU.ActiveCfg = Release|Any CPU
		{8FAA6BC6-E476-455D-A48E-6AA7AF51A8EC}.Release|Any CPU.Build.0 = Release|Any CPU
		{BA176A17-2377-4230-BF1A-85E32EB2FC44}.Debug|Any CPU.ActiveCfg = Debug|Any CPU
		{BA176A17-2377-4230-BF1A-85E32EB2FC44}.Debug|Any CPU.Build.0 = Debug|Any CPU
		{BA176A17-2377-4230-BF1A-85E32EB2FC44}.Release|Any CPU.ActiveCfg = Release|Any CPU
		{BA176A17-2377-4230-BF1A-85E32EB2FC44}.Release|Any CPU.Build.0 = Release|Any CPU
		{1187DFE7-6CF2-40C3-95FD-0ACBFB30A4E2}.Debug|Any CPU.ActiveCfg = Debug|Any CPU
		{1187DFE7-6CF2-40C3-95FD-0ACBFB30A4E2}.Debug|Any CPU.Build.0 = Debug|Any CPU
		{1187DFE7-6CF2-40C3-95FD-0ACBFB30A4E2}.Release|Any CPU.ActiveCfg = Release|Any CPU
		{1187DFE7-6CF2-40C3-95FD-0ACBFB30A4E2}.Release|Any CPU.Build.0 = Release|Any CPU
	EndGlobalSection
	GlobalSection(SolutionProperties) = preSolution
		HideSolutionNode = FALSE
	EndGlobalSection
	GlobalSection(NestedProjects) = preSolution
		{1CDB947D-9462-4585-BFA3-67EA897125A7} = {0D69F312-D79F-477A-8E94-E32BDFEA6A47}
		{E5E196C2-4722-4787-91B9-491476CC5816} = {0D69F312-D79F-477A-8E94-E32BDFEA6A47}
		{8FAA6BC6-E476-455D-A48E-6AA7AF51A8EC} = {4B96A4A4-333D-4C1C-AA6F-D9264F65F9FB}
		{BA176A17-2377-4230-BF1A-85E32EB2FC44} = {4B96A4A4-333D-4C1C-AA6F-D9264F65F9FB}
		{1187DFE7-6CF2-40C3-95FD-0ACBFB30A4E2} = {1232AE7E-1AEE-43E3-B24F-1A65938B7B90}
	EndGlobalSection
	GlobalSection(ExtensibilityGlobals) = postSolution
		SolutionGuid = {3C0D9546-9A6F-4DE9-AABC-3C4C1F64267C}
	EndGlobalSection
EndGlobal
